{
  "name": "biblio",
  "version": "1.0.0",
  "lockfileVersion": 3,
  "requires": true,
  "packages": {
    "": {
      "name": "biblio",
      "version": "1.0.0",
      "license": "ISC",
      "dependencies": {
        "intl-tel-input": "^23.0.10"
      }
    },
    "node_modules/intl-tel-input": {
      "version": "23.0.10",
      "resolved": "https://registry.npmjs.org/intl-tel-input/-/intl-tel-input-23.0.10.tgz",
      "integrity": "sha512-e7vOl/9NCkorU+Qyk8qi9GTBpGrcFKsGw5gO8rrkkg7VdOpHK8MkNo855l2dgr5FSIiRDPhqczhfxivVBAsdew=="
    }
  }
}
